<?xml version="1.0" encoding="utf-8"?>
<Project ToolsVersion="4.0" xmlns="http://schemas.microsoft.com/developer/msbuild/2003">
  <ItemGroup>
    <Filter Include="File di origine">
      <UniqueIdentifier>{4FC737F1-C7A5-4376-A066-2A32D752A2FF}</UniqueIdentifier>
      <Extensions>cpp;c;cc;cxx;def;odl;idl;hpj;bat;asm;asmx</Extensions>
    </Filter>
    <Filter Include="File di intestazione">
      <UniqueIdentifier>{93995380-89BD-4b04-88EB-625FBE52EBFB}</UniqueIdentifier>
      <Extensions>h;hh;hpp;hxx;hm;inl;inc;xsd</Extensions>
    </Filter>
    <Filter Include="File di risorse">
      <UniqueIdentifier>{67DA6AB6-F800-4c08-8B7A-83BB121AAD01}</UniqueIdentifier>
      <Extensions>rc;ico;cur;bmp;dlg;rc2;rct;bin;rgs;gif;jpg;jpeg;jpe;resx;tiff;tif;png;wav;mfcribbon-ms</Extensions>
    </Filter>
  </ItemGroup>
  <ItemGroup>
    <ClCompile Include="Shader.cpp">
      <Filter>File di risorse</Filter>
    </ClCompile>
    <ClCompile Include="Input.cpp">
      <Filter>File di risorse</Filter>
    </ClCompile>
    <ClCompile Include="Time.cpp">
      <Filter>File di risorse</Filter>
    </ClCompile>
    <ClCompile Include="Texture.cpp">
      <Filter>File di risorse</Filter>
    </ClCompile>
    <ClCompile Include="Sprite.cpp">
      <Filter>File di origine</Filter>
    </ClCompile>
    <ClCompile Include="Vector2f.cpp">
      <Filter>File di origine</Filter>
    </ClCompile>
    <ClCompile Include="Constants.cpp">
      <Filter>File di risorse</Filter>
    </ClCompile>
    <ClCompile Include="FrameBufferObject.cpp">
      <Filter>File di origine</Filter>
    </ClCompile>
    <ClCompile Include="Util.cpp">
      <Filter>File di origine</Filter>
    </ClCompile>
    <ClCompile Include="ShaderStorageBufferObject.cpp">
      <Filter>File di origine</Filter>
    </ClCompile>
    <ClCompile Include="VertexArrayObject.cpp">
      <Filter>File di origine</Filter>
    </ClCompile>
    <ClCompile Include="VertexBufferObject.cpp">
      <Filter>File di origine</Filter>
    </ClCompile>
    <ClCompile Include="Vector4f.cpp">
      <Filter>File di origine</Filter>
    </ClCompile>
    <ClCompile Include="Vector3f.cpp">
      <Filter>File di origine</Filter>
    </ClCompile>
    <ClCompile Include="Matrix4f.cpp">
      <Filter>File di origine</Filter>
    </ClCompile>
    <ClCompile Include="Debug.cpp">
      <Filter>File di origine</Filter>
    </ClCompile>
    <ClCompile Include="Matrix2f.cpp">
      <Filter>File di origine</Filter>
    </ClCompile>
    <ClCompile Include="Quaternion.cpp">
      <Filter>File di origine</Filter>
    </ClCompile>
    <ClCompile Include="OrthoCoord.cpp">
      <Filter>File di origine</Filter>
    </ClCompile>
    <ClCompile Include="Timer.cpp">
      <Filter>File di origine</Filter>
    </ClCompile>
    <ClCompile Include="glad.c">
      <Filter>File di origine</Filter>
    </ClCompile>
    <ClCompile Include="StringUtils.cpp">
      <Filter>File di origine</Filter>
    </ClCompile>
    <ClCompile Include="Networking\TCPClientConnection.cpp">
      <Filter>File di origine</Filter>
    </ClCompile>
    <ClCompile Include="Networking\TCPServer.cpp">
      <Filter>File di origine</Filter>
    </ClCompile>
    <ClCompile Include="Networking\UDPConnection.cpp">
      <Filter>File di origine</Filter>
    </ClCompile>
    <ClCompile Include="Networking\WinsockUtil.cpp">
      <Filter>File di origine</Filter>
    </ClCompile>
    <ClCompile Include="Matrix3f.cpp">
      <Filter>File di origine</Filter>
    </ClCompile>
    <ClCompile Include="OtherUtil.cpp">
      <Filter>File di origine</Filter>
    </ClCompile>
    <ClCompile Include="TextRenderer.cpp">
      <Filter>File di origine</Filter>
    </ClCompile>
    <ClCompile Include="SpriteBatch.cpp">
      <Filter>File di origine</Filter>
    </ClCompile>
    <ClCompile Include="Utils2D\Utils2D.cpp">
      <Filter>File di origine</Filter>
    </ClCompile>
    <ClCompile Include="Utils2D\Poly.cpp">
      <Filter>File di origine</Filter>
    </ClCompile>
    <ClCompile Include="Utils2D\Consts.cpp">
      <Filter>File di origine</Filter>
    </ClCompile>
    <ClCompile Include="Utils2D\AxisAlignedBoundingBox2D.cpp">
      <Filter>File di origine</Filter>
    </ClCompile>
    <ClCompile Include="Utils2D\GameObject.cpp">
      <Filter>File di origine</Filter>
    </ClCompile>
    <ClCompile Include="physics2d\Collider.cpp">
      <Filter>File di origine</Filter>
    </ClCompile>
    <ClCompile Include="physics2d\Collision.cpp">
      <Filter>File di origine</Filter>
    </ClCompile>
    <ClCompile Include="physics2d\Projection.cpp">
      <Filter>File di origine</Filter>
    </ClCompile>
    <ClCompile Include="physics2d\physutil2.cpp">
      <Filter>File di origine</Filter>
    </ClCompile>
    <ClCompile Include="Context.cpp">
      <Filter>File di origine</Filter>
    </ClCompile>
    <ClCompile Include="globals.cpp">
      <Filter>File di origine</Filter>
    </ClCompile>
    <ClCompile Include="audio\audio.cpp">
      <Filter>File di origine</Filter>
    </ClCompile>
    <ClCompile Include="audio\audioclip.cpp">
      <Filter>File di origine</Filter>
    </ClCompile>
    <ClCompile Include="audio\audiosource.cpp">
      <Filter>File di origine</Filter>
    </ClCompile>
    <ClCompile Include="ui\imui.cpp">
      <Filter>File di origine</Filter>
    </ClCompile>
    <ClCompile Include="debugmenu\debugmenu.cpp">
      <Filter>File di origine</Filter>
    </ClCompile>
    <ClCompile Include="indexbufferobject.cpp">
      <Filter>File di origine</Filter>
    </ClCompile>
    <ClCompile Include="utils3d\geom3d.cpp">
      <Filter>File di origine</Filter>
    </ClCompile>
    <ClCompile Include="utils3d\mesh3d.cpp">
      <Filter>File di origine</Filter>
    </ClCompile>
    <ClCompile Include="utils3d\AxisAlignedBoundingBox3D.cpp">
      <Filter>File di origine</Filter>
    </ClCompile>
  </ItemGroup>
  <ItemGroup>
    <ClInclude Include="Shader.h">
      <Filter>File di risorse</Filter>
    </ClInclude>
    <ClInclude Include="Input.h">
      <Filter>File di risorse</Filter>
    </ClInclude>
    <ClInclude Include="Time.h">
      <Filter>File di risorse</Filter>
    </ClInclude>
    <ClInclude Include="Texture.h">
      <Filter>File di risorse</Filter>
    </ClInclude>
    <ClInclude Include="Sprite.h">
      <Filter>File di intestazione</Filter>
    </ClInclude>
    <ClInclude Include="Vector2f.h">
      <Filter>File di intestazione</Filter>
    </ClInclude>
    <ClInclude Include="Constants.h">
      <Filter>File di risorse</Filter>
    </ClInclude>
    <ClInclude Include="FrameBufferObject.h">
      <Filter>File di intestazione</Filter>
    </ClInclude>
    <ClInclude Include="Util.h">
      <Filter>File di intestazione</Filter>
    </ClInclude>
    <ClInclude Include="ShaderStorageBufferObject.h">
      <Filter>File di intestazione</Filter>
    </ClInclude>
    <ClInclude Include="VertexArrayObject.h">
      <Filter>File di intestazione</Filter>
    </ClInclude>
    <ClInclude Include="VertexBufferObject.h">
      <Filter>File di intestazione</Filter>
    </ClInclude>
    <ClInclude Include="Vector4f.h">
      <Filter>File di intestazione</Filter>
    </ClInclude>
    <ClInclude Include="Vector3f.h">
      <Filter>File di intestazione</Filter>
    </ClInclude>
    <ClInclude Include="Matrix4f.h">
      <Filter>File di intestazione</Filter>
    </ClInclude>
    <ClInclude Include="Debug.h">
      <Filter>File di intestazione</Filter>
    </ClInclude>
    <ClInclude Include="Matrix2f.h">
      <Filter>File di intestazione</Filter>
    </ClInclude>
    <ClInclude Include="Quaternion.h">
      <Filter>File di intestazione</Filter>
    </ClInclude>
    <ClInclude Include="OrthoCoord.h">
      <Filter>File di intestazione</Filter>
    </ClInclude>
    <ClInclude Include="Timer.h">
      <Filter>File di intestazione</Filter>
    </ClInclude>
    <ClInclude Include="StringUtils.h">
      <Filter>File di intestazione</Filter>
    </ClInclude>
    <ClInclude Include="Networking\TCPClientConnection.h">
      <Filter>File di intestazione</Filter>
    </ClInclude>
    <ClInclude Include="Networking\TCPServer.h">
      <Filter>File di intestazione</Filter>
    </ClInclude>
    <ClInclude Include="Networking\UDPConnection.h">
      <Filter>File di intestazione</Filter>
    </ClInclude>
    <ClInclude Include="Networking\WinsockUtil.h">
      <Filter>File di intestazione</Filter>
    </ClInclude>
    <ClInclude Include="Matrix3f.h">
      <Filter>File di intestazione</Filter>
    </ClInclude>
    <ClInclude Include="OtherUtil.h">
      <Filter>File di intestazione</Filter>
    </ClInclude>
    <ClInclude Include="TextRenderer.h">
      <Filter>File di intestazione</Filter>
    </ClInclude>
    <ClInclude Include="SpriteBatch.h">
      <Filter>File di intestazione</Filter>
    </ClInclude>
    <ClInclude Include="Utils2D\Utils2D.h">
      <Filter>File di intestazione</Filter>
    </ClInclude>
    <ClInclude Include="Utils2D\Poly.h">
      <Filter>File di intestazione</Filter>
    </ClInclude>
    <ClInclude Include="Utils2D\Consts.h">
      <Filter>File di intestazione</Filter>
    </ClInclude>
    <ClInclude Include="Utils2D\AxisAlignedBoundingBox2D.h">
      <Filter>File di intestazione</Filter>
    </ClInclude>
    <ClInclude Include="Utils2D\GameObject.h">
      <Filter>File di intestazione</Filter>
    </ClInclude>
    <ClInclude Include="physics2d\Collider.h">
      <Filter>File di intestazione</Filter>
    </ClInclude>
    <ClInclude Include="physics2d\Collision.h">
      <Filter>File di intestazione</Filter>
    </ClInclude>
    <ClInclude Include="physics2d\Projection.h">
      <Filter>File di intestazione</Filter>
    </ClInclude>
    <ClInclude Include="physics2d\physutil2.h">
      <Filter>File di intestazione</Filter>
    </ClInclude>
    <ClInclude Include="Context.h">
      <Filter>File di intestazione</Filter>
    </ClInclude>
    <ClInclude Include="parrlib.h">
      <Filter>File di intestazione</Filter>
    </ClInclude>
    <ClInclude Include="globals.h">
      <Filter>File di intestazione</Filter>
    </ClInclude>
    <ClInclude Include="audio\audiosource.h">
      <Filter>File di intestazione</Filter>
    </ClInclude>
    <ClInclude Include="audio\audio.h">
      <Filter>File di intestazione</Filter>
    </ClInclude>
    <ClInclude Include="audio\audioclip.h">
      <Filter>File di intestazione</Filter>
    </ClInclude>
    <ClInclude Include="ui\imui.h">
      <Filter>File di intestazione</Filter>
    </ClInclude>
    <ClInclude Include="debugmenu\debugmenu.h">
      <Filter>File di intestazione</Filter>
    </ClInclude>
    <ClInclude Include="indexbufferobject.h">
      <Filter>File di intestazione</Filter>
    </ClInclude>
    <ClInclude Include="utils3d\geom3d.h">
      <Filter>File di intestazione</Filter>
    </ClInclude>
    <ClInclude Include="utils3d\mesh3d.h">
      <Filter>File di intestazione</Filter>
    </ClInclude>
    <ClInclude Include="utils3d\AxisAlignedBoundingBox3D.h">
      <Filter>File di intestazione</Filter>
    </ClInclude>
  </ItemGroup>
  <ItemGroup>
    <None Include="shaders\debugMenuBlend.frag" />
    <None Include="shaders\fboShader.frag" />
    <None Include="shaders\light.frag" />
    <None Include="shaders\shadowMap.frag" />
    <None Include="shaders\standard.frag" />
    <None Include="shaders\standard.vert" />
    <None Include="shaders\standardVBO.frag" />
    <None Include="shaders\standardVBO.vert" />
    <None Include="shaders\textRender.frag" />
    <None Include="shaders\textRender.vert" />
  </ItemGroup>
  <ItemGroup>
    <Font Include="fonts\segoeui.ttf" />
  </ItemGroup>
</Project>