<?xml version="1.0" encoding="utf-8"?>
<Project ToolsVersion="4.0" xmlns="http://schemas.microsoft.com/developer/msbuild/2003">
  <ItemGroup>
    <Filter Include="Source Files">
      <UniqueIdentifier>{4FC737F1-C7A5-4376-A066-2A32D752A2FF}</UniqueIdentifier>
      <Extensions>cpp;c;cc;cxx;c++;cppm;ixx;def;odl;idl;hpj;bat;asm;asmx</Extensions>
    </Filter>
    <Filter Include="Header Files">
      <UniqueIdentifier>{93995380-89BD-4b04-88EB-625FBE52EBFB}</UniqueIdentifier>
      <Extensions>h;hh;hpp;hxx;h++;hm;inl;inc;ipp;xsd</Extensions>
    </Filter>
    <Filter Include="Resource Files">
      <UniqueIdentifier>{67DA6AB6-F800-4c08-8B7A-83BB121AAD01}</UniqueIdentifier>
      <Extensions>rc;ico;cur;bmp;dlg;rc2;rct;bin;rgs;gif;jpg;jpeg;jpe;resx;tiff;tif;png;wav;mfcribbon-ms</Extensions>
    </Filter>
  </ItemGroup>
  <ItemGroup>
    <ClInclude Include="constants.h">
      <Filter>Header Files</Filter>
    </ClInclude>
    <ClInclude Include="parrlib.h">
      <Filter>Header Files</Filter>
    </ClInclude>
    <ClInclude Include="sprite.h">
      <Filter>Header Files</Filter>
    </ClInclude>
    <ClInclude Include="spritebatch.h">
      <Filter>Header Files</Filter>
    </ClInclude>
    <ClInclude Include="textrenderer.h">
      <Filter>Header Files</Filter>
    </ClInclude>
    <ClInclude Include="time.h">
      <Filter>Header Files</Filter>
    </ClInclude>
    <ClInclude Include="ui\imui.h">
      <Filter>Header Files</Filter>
    </ClInclude>
    <ClInclude Include="networking\winsockutil.h">
      <Filter>Header Files</Filter>
    </ClInclude>
    <ClInclude Include="networking\tcpclientconnection.h">
      <Filter>Header Files</Filter>
    </ClInclude>
    <ClInclude Include="networking\tcpserver.h">
      <Filter>Header Files</Filter>
    </ClInclude>
    <ClInclude Include="networking\udpconnection.h">
      <Filter>Header Files</Filter>
    </ClInclude>
    <ClInclude Include="debugmenu\debugmenu.h">
      <Filter>Header Files</Filter>
    </ClInclude>
    <ClInclude Include="audio\audiosource.h">
      <Filter>Header Files</Filter>
    </ClInclude>
    <ClInclude Include="audio\audio.h">
      <Filter>Header Files</Filter>
    </ClInclude>
    <ClInclude Include="audio\audioclip.h">
      <Filter>Header Files</Filter>
    </ClInclude>
    <ClInclude Include="context.h">
      <Filter>Header Files</Filter>
    </ClInclude>
    <ClInclude Include="debug.h">
      <Filter>Header Files</Filter>
    </ClInclude>
    <ClInclude Include="util.h">
      <Filter>Header Files</Filter>
    </ClInclude>
    <ClInclude Include="shader.h">
      <Filter>Header Files</Filter>
    </ClInclude>
    <ClInclude Include="Texture.h">
      <Filter>Header Files</Filter>
    </ClInclude>
    <ClInclude Include="math\matrix2f.h">
      <Filter>Header Files</Filter>
    </ClInclude>
    <ClInclude Include="math\matrix3f.h">
      <Filter>Header Files</Filter>
    </ClInclude>
    <ClInclude Include="math\matrix4f.h">
      <Filter>Header Files</Filter>
    </ClInclude>
    <ClInclude Include="math\orthocoord.h">
      <Filter>Header Files</Filter>
    </ClInclude>
    <ClInclude Include="math\otherutil.h">
      <Filter>Header Files</Filter>
    </ClInclude>
    <ClInclude Include="math\quaternion.h">
      <Filter>Header Files</Filter>
    </ClInclude>
    <ClInclude Include="math\timer.h">
      <Filter>Header Files</Filter>
    </ClInclude>
    <ClInclude Include="math\vector2f.h">
      <Filter>Header Files</Filter>
    </ClInclude>
    <ClInclude Include="math\vector3f.h">
      <Filter>Header Files</Filter>
    </ClInclude>
    <ClInclude Include="math\vector4f.h">
      <Filter>Header Files</Filter>
    </ClInclude>
    <ClInclude Include="math\physics2d\physutil2.h">
      <Filter>Header Files</Filter>
    </ClInclude>
    <ClInclude Include="math\utils2d\axisalignedboundingbox2d.h">
      <Filter>Header Files</Filter>
    </ClInclude>
    <ClInclude Include="math\utils2d\consts.h">
      <Filter>Header Files</Filter>
    </ClInclude>
    <ClInclude Include="math\utils2d\gameobject.h">
      <Filter>Header Files</Filter>
    </ClInclude>
    <ClInclude Include="math\utils2d\poly.h">
      <Filter>Header Files</Filter>
    </ClInclude>
    <ClInclude Include="math\utils2d\utils2d.h">
      <Filter>Header Files</Filter>
    </ClInclude>
    <ClInclude Include="math\utils3d\axisalignedboundingbox3d.h">
      <Filter>Header Files</Filter>
    </ClInclude>
    <ClInclude Include="impl\texture.h">
      <Filter>Header Files</Filter>
    </ClInclude>
    <ClInclude Include="impl\impl.h">
      <Filter>Header Files</Filter>
    </ClInclude>
    <ClInclude Include="math\stringutils.h">
      <Filter>Header Files</Filter>
    </ClInclude>
    <ClInclude Include="VertexBuffer.h">
      <Filter>Header Files</Filter>
    </ClInclude>
    <ClInclude Include="impl\vertexbuffer.h">
      <Filter>Header Files</Filter>
    </ClInclude>
    <ClInclude Include="globals.h">
      <Filter>Header Files</Filter>
    </ClInclude>
    <ClInclude Include="impl\framebuffer.h">
      <Filter>Header Files</Filter>
    </ClInclude>
    <ClInclude Include="impl\shader.h">
      <Filter>Header Files</Filter>
    </ClInclude>
    <ClInclude Include="Input.h">
      <Filter>Header Files</Filter>
    </ClInclude>
    <ClInclude Include="impl\impl_context.h">
      <Filter>Header Files</Filter>
    </ClInclude>
    <ClInclude Include="framebuffer.h">
      <Filter>Header Files</Filter>
    </ClInclude>
    <ClInclude Include="indexbuffer.h">
      <Filter>Header Files</Filter>
    </ClInclude>
    <ClInclude Include="impl\indexbuffer.h">
      <Filter>Header Files</Filter>
    </ClInclude>
    <ClInclude Include="math\physics2d\collider2d.h">
      <Filter>Header Files</Filter>
    </ClInclude>
    <ClInclude Include="math\physics2d\collision2d.h">
      <Filter>Header Files</Filter>
    </ClInclude>
    <ClInclude Include="math\physics2d\projection2d.h">
      <Filter>Header Files</Filter>
    </ClInclude>
    <ClInclude Include="math\physics3d\collider3d.h">
      <Filter>Header Files</Filter>
    </ClInclude>
    <ClInclude Include="math\physics3d\collision3d.h">
      <Filter>Header Files</Filter>
    </ClInclude>
    <ClInclude Include="math\physics3d\physutil3.h">
      <Filter>Header Files</Filter>
    </ClInclude>
    <ClInclude Include="math\physics3d\projection3d.h">
      <Filter>Header Files</Filter>
    </ClInclude>
    <ClInclude Include="camera3d.h">
      <Filter>Header Files</Filter>
    </ClInclude>
    <ClInclude Include="math\utils3d\utils3d.h">
      <Filter>Header Files</Filter>
    </ClInclude>
    <ClInclude Include="math\utils3d\geom3d.h">
      <Filter>Header Files</Filter>
    </ClInclude>
  </ItemGroup>
  <ItemGroup>
    <ClCompile Include="constants.cpp">
      <Filter>Source Files</Filter>
    </ClCompile>
    <ClCompile Include="sprite.cpp">
      <Filter>Source Files</Filter>
    </ClCompile>
    <ClCompile Include="spritebatch.cpp">
      <Filter>Source Files</Filter>
    </ClCompile>
    <ClCompile Include="textrenderer.cpp">
      <Filter>Source Files</Filter>
    </ClCompile>
    <ClCompile Include="time.cpp">
      <Filter>Source Files</Filter>
    </ClCompile>
    <ClCompile Include="ui\imui.cpp">
      <Filter>Source Files</Filter>
    </ClCompile>
    <ClCompile Include="networking\tcpclientconnection.cpp">
      <Filter>Source Files</Filter>
    </ClCompile>
    <ClCompile Include="networking\tcpserver.cpp">
      <Filter>Source Files</Filter>
    </ClCompile>
    <ClCompile Include="networking\udpconnection.cpp">
      <Filter>Source Files</Filter>
    </ClCompile>
    <ClCompile Include="networking\winsockutil.cpp">
      <Filter>Source Files</Filter>
    </ClCompile>
    <ClCompile Include="debugmenu\debugmenu.cpp">
      <Filter>Source Files</Filter>
    </ClCompile>
    <ClCompile Include="audio\audio.cpp">
      <Filter>Source Files</Filter>
    </ClCompile>
    <ClCompile Include="audio\audioclip.cpp">
      <Filter>Source Files</Filter>
    </ClCompile>
    <ClCompile Include="audio\audiosource.cpp">
      <Filter>Source Files</Filter>
    </ClCompile>
    <ClCompile Include="context.cpp">
      <Filter>Source Files</Filter>
    </ClCompile>
    <ClCompile Include="debug.cpp">
      <Filter>Source Files</Filter>
    </ClCompile>
    <ClCompile Include="util.cpp">
      <Filter>Source Files</Filter>
    </ClCompile>
    <ClCompile Include="shader.cpp">
      <Filter>Source Files</Filter>
    </ClCompile>
    <ClCompile Include="Texture.cpp">
      <Filter>Source Files</Filter>
    </ClCompile>
    <ClCompile Include="math\matrix2f.cpp">
      <Filter>Source Files</Filter>
    </ClCompile>
    <ClCompile Include="math\matrix3f.cpp">
      <Filter>Source Files</Filter>
    </ClCompile>
    <ClCompile Include="math\matrix4f.cpp">
      <Filter>Source Files</Filter>
    </ClCompile>
    <ClCompile Include="math\orthocoord.cpp">
      <Filter>Source Files</Filter>
    </ClCompile>
    <ClCompile Include="math\otherutil.cpp">
      <Filter>Source Files</Filter>
    </ClCompile>
    <ClCompile Include="math\quaternion.cpp">
      <Filter>Source Files</Filter>
    </ClCompile>
    <ClCompile Include="math\timer.cpp">
      <Filter>Source Files</Filter>
    </ClCompile>
    <ClCompile Include="math\vector2f.cpp">
      <Filter>Source Files</Filter>
    </ClCompile>
    <ClCompile Include="math\vector3f.cpp">
      <Filter>Source Files</Filter>
    </ClCompile>
    <ClCompile Include="math\vector4f.cpp">
      <Filter>Source Files</Filter>
    </ClCompile>
    <ClCompile Include="math\physics2d\physutil2.cpp">
      <Filter>Source Files</Filter>
    </ClCompile>
    <ClCompile Include="math\utils2d\axisalignedboundingbox2d.cpp">
      <Filter>Source Files</Filter>
    </ClCompile>
    <ClCompile Include="math\utils2d\consts.cpp">
      <Filter>Source Files</Filter>
    </ClCompile>
    <ClCompile Include="math\utils2d\gameobject.cpp">
      <Filter>Source Files</Filter>
    </ClCompile>
    <ClCompile Include="math\utils2d\poly.cpp">
      <Filter>Source Files</Filter>
    </ClCompile>
    <ClCompile Include="math\utils2d\utils2d.cpp">
      <Filter>Source Files</Filter>
    </ClCompile>
    <ClCompile Include="math\utils3d\axisalignedboundingbox3d.cpp">
      <Filter>Source Files</Filter>
    </ClCompile>
    <ClCompile Include="math\stringutils.cpp">
      <Filter>Source Files</Filter>
    </ClCompile>
    <ClCompile Include="VertexBuffer.cpp">
      <Filter>Source Files</Filter>
    </ClCompile>
    <ClCompile Include="globals.cpp">
      <Filter>Source Files</Filter>
    </ClCompile>
    <ClCompile Include="Input.cpp">
      <Filter>Source Files</Filter>
    </ClCompile>
    <ClCompile Include="impl\impl.cpp">
      <Filter>Source Files</Filter>
    </ClCompile>
    <ClCompile Include="impl\impl_context.cpp">
      <Filter>Source Files</Filter>
    </ClCompile>
    <ClCompile Include="framebuffer.cpp">
      <Filter>Source Files</Filter>
    </ClCompile>
    <ClCompile Include="indexbuffer.cpp">
      <Filter>Source Files</Filter>
    </ClCompile>
    <ClCompile Include="math\physics2d\collider2d.cpp">
      <Filter>Source Files</Filter>
    </ClCompile>
    <ClCompile Include="math\physics2d\collision2d.cpp">
      <Filter>Source Files</Filter>
    </ClCompile>
    <ClCompile Include="math\physics2d\projection2d.cpp">
      <Filter>Source Files</Filter>
    </ClCompile>
    <ClCompile Include="math\physics3d\collider3d.cpp">
      <Filter>Source Files</Filter>
    </ClCompile>
    <ClCompile Include="math\physics3d\collision3d.cpp">
      <Filter>Source Files</Filter>
    </ClCompile>
    <ClCompile Include="math\physics3d\physutil3.cpp">
      <Filter>Source Files</Filter>
    </ClCompile>
    <ClCompile Include="math\physics3d\projection3d.cpp">
      <Filter>Source Files</Filter>
    </ClCompile>
    <ClCompile Include="camera3d.cpp">
      <Filter>Source Files</Filter>
    </ClCompile>
    <ClCompile Include="math\utils3d\geom3d.cpp">
      <Filter>Source Files</Filter>
    </ClCompile>
    <ClCompile Include="math\utils3d\utils3d.cpp">
      <Filter>Source Files</Filter>
    </ClCompile>
  </ItemGroup>
  <ItemGroup>
    <Text Include="TODO_recreate.txt" />
  </ItemGroup>
</Project>